
Microsoft Visual Studio Solution File, Format Version 12.00
# Visual Studio Version 17
VisualStudioVersion = 17.1.32210.238
MinimumVisualStudioVersion = 10.0.40219.1
Project("{888888A0-9F3D-457C-B088-3A5042F75D52}") = "Masseinheiten-Rechner", "Masseinheiten-Rechner.pyproj", "{82FA02EA-CB3A-48DC-9BF3-F9E23A5DA47D}"
EndProject
Global
	GlobalSection(SolutionConfigurationPlatforms) = preSolution
		Debug|Any CPU = Debug|Any CPU
		Release|Any CPU = Release|Any CPU
	EndGlobalSection
	GlobalSection(ProjectConfigurationPlatforms) = postSolution
		{82FA02EA-CB3A-48DC-9BF3-F9E23A5DA47D}.Debug|Any CPU.ActiveCfg = Debug|Any CPU
		{82FA02EA-CB3A-48DC-9BF3-F9E23A5DA47D}.Release|Any CPU.ActiveCfg = Release|Any CPU
	EndGlobalSection
	GlobalSection(SolutionProperties) = preSolution
		HideSolutionNode = FALSE
	EndGlobalSection
	GlobalSection(ExtensibilityGlobals) = postSolution
		SolutionGuid = {54C6CADE-5D9E-484B-87E6-01EA611F1EAE}
	EndGlobalSection
EndGlobal
