
Microsoft Visual Studio Solution File, Format Version 12.00
# Visual Studio Version 16
VisualStudioVersion = 16.0.30011.22
MinimumVisualStudioVersion = 10.0.40219.1
Project("{8BC9CEB8-8B4A-11D0-8D11-00A0C91BC942}") = "Hello-World-Project", "Hello-World-Project\Hello-World-Project.vcxproj", "{34A59C09-2709-4B12-9DCC-F9858944B48F}"
EndProject
Project("{8BC9CEB8-8B4A-11D0-8D11-00A0C91BC942}") = "Input-Datatypes-Output", "Input-Datatypes-Output\Input-Datatypes-Output.vcxproj", "{D2E75F78-7F66-43DB-93E9-78C5F99C34B7}"
EndProject
Project("{8BC9CEB8-8B4A-11D0-8D11-00A0C91BC942}") = "Operations", "Operations\Operations.vcxproj", "{1C678E2F-949C-4AE6-8E52-E682936DD351}"
EndProject
Project("{8BC9CEB8-8B4A-11D0-8D11-00A0C91BC942}") = "Controls", "Controls\Controls.vcxproj", "{EE3B4071-0DF0-4267-81EA-F12AD424BBEE}"
EndProject
Project("{8BC9CEB8-8B4A-11D0-8D11-00A0C91BC942}") = "Schaltjahre", "Schaltjahre\Schaltjahre.vcxproj", "{6C41013E-3C84-4415-B675-B29A3C4199A2}"
EndProject
Project("{8BC9CEB8-8B4A-11D0-8D11-00A0C91BC942}") = "Strings", "Strings-IO\Strings-IO.vcxproj", "{4D6F6F96-8516-4191-9DAC-D2810971D096}"
EndProject
Project("{8BC9CEB8-8B4A-11D0-8D11-00A0C91BC942}") = "Galgenmaennchen", "Galgenmaennchen\Galgenmaennchen.vcxproj", "{45681298-9780-4DE3-90DC-513B1BCC5831}"
EndProject
Project("{8BC9CEB8-8B4A-11D0-8D11-00A0C91BC942}") = "Functions", "Functions\Functions.vcxproj", "{D6F2DC16-64F5-44E8-B031-5B02B97AC7E4}"
EndProject
Project("{8BC9CEB8-8B4A-11D0-8D11-00A0C91BC942}") = "Streams", "Streams-IO\Streams-IO.vcxproj", "{254258C1-0F76-42E0-B61A-05EB537DD300}"
EndProject
Global
	GlobalSection(SolutionConfigurationPlatforms) = preSolution
		Debug|x64 = Debug|x64
		Debug|x86 = Debug|x86
		Release|x64 = Release|x64
		Release|x86 = Release|x86
	EndGlobalSection
	GlobalSection(ProjectConfigurationPlatforms) = postSolution
		{34A59C09-2709-4B12-9DCC-F9858944B48F}.Debug|x64.ActiveCfg = Debug|x64
		{34A59C09-2709-4B12-9DCC-F9858944B48F}.Debug|x64.Build.0 = Debug|x64
		{34A59C09-2709-4B12-9DCC-F9858944B48F}.Debug|x86.ActiveCfg = Debug|Win32
		{34A59C09-2709-4B12-9DCC-F9858944B48F}.Debug|x86.Build.0 = Debug|Win32
		{34A59C09-2709-4B12-9DCC-F9858944B48F}.Release|x64.ActiveCfg = Release|x64
		{34A59C09-2709-4B12-9DCC-F9858944B48F}.Release|x64.Build.0 = Release|x64
		{34A59C09-2709-4B12-9DCC-F9858944B48F}.Release|x86.ActiveCfg = Release|Win32
		{34A59C09-2709-4B12-9DCC-F9858944B48F}.Release|x86.Build.0 = Release|Win32
		{D2E75F78-7F66-43DB-93E9-78C5F99C34B7}.Debug|x64.ActiveCfg = Debug|x64
		{D2E75F78-7F66-43DB-93E9-78C5F99C34B7}.Debug|x64.Build.0 = Debug|x64
		{D2E75F78-7F66-43DB-93E9-78C5F99C34B7}.Debug|x86.ActiveCfg = Debug|Win32
		{D2E75F78-7F66-43DB-93E9-78C5F99C34B7}.Debug|x86.Build.0 = Debug|Win32
		{D2E75F78-7F66-43DB-93E9-78C5F99C34B7}.Release|x64.ActiveCfg = Release|x64
		{D2E75F78-7F66-43DB-93E9-78C5F99C34B7}.Release|x64.Build.0 = Release|x64
		{D2E75F78-7F66-43DB-93E9-78C5F99C34B7}.Release|x86.ActiveCfg = Release|Win32
		{D2E75F78-7F66-43DB-93E9-78C5F99C34B7}.Release|x86.Build.0 = Release|Win32
		{1C678E2F-949C-4AE6-8E52-E682936DD351}.Debug|x64.ActiveCfg = Debug|x64
		{1C678E2F-949C-4AE6-8E52-E682936DD351}.Debug|x64.Build.0 = Debug|x64
		{1C678E2F-949C-4AE6-8E52-E682936DD351}.Debug|x86.ActiveCfg = Debug|Win32
		{1C678E2F-949C-4AE6-8E52-E682936DD351}.Debug|x86.Build.0 = Debug|Win32
		{1C678E2F-949C-4AE6-8E52-E682936DD351}.Release|x64.ActiveCfg = Release|x64
		{1C678E2F-949C-4AE6-8E52-E682936DD351}.Release|x64.Build.0 = Release|x64
		{1C678E2F-949C-4AE6-8E52-E682936DD351}.Release|x86.ActiveCfg = Release|Win32
		{1C678E2F-949C-4AE6-8E52-E682936DD351}.Release|x86.Build.0 = Release|Win32
		{EE3B4071-0DF0-4267-81EA-F12AD424BBEE}.Debug|x64.ActiveCfg = Debug|x64
		{EE3B4071-0DF0-4267-81EA-F12AD424BBEE}.Debug|x64.Build.0 = Debug|x64
		{EE3B4071-0DF0-4267-81EA-F12AD424BBEE}.Debug|x86.ActiveCfg = Debug|Win32
		{EE3B4071-0DF0-4267-81EA-F12AD424BBEE}.Debug|x86.Build.0 = Debug|Win32
		{EE3B4071-0DF0-4267-81EA-F12AD424BBEE}.Release|x64.ActiveCfg = Release|x64
		{EE3B4071-0DF0-4267-81EA-F12AD424BBEE}.Release|x64.Build.0 = Release|x64
		{EE3B4071-0DF0-4267-81EA-F12AD424BBEE}.Release|x86.ActiveCfg = Release|Win32
		{EE3B4071-0DF0-4267-81EA-F12AD424BBEE}.Release|x86.Build.0 = Release|Win32
		{6C41013E-3C84-4415-B675-B29A3C4199A2}.Debug|x64.ActiveCfg = Debug|x64
		{6C41013E-3C84-4415-B675-B29A3C4199A2}.Debug|x64.Build.0 = Debug|x64
		{6C41013E-3C84-4415-B675-B29A3C4199A2}.Debug|x86.ActiveCfg = Debug|Win32
		{6C41013E-3C84-4415-B675-B29A3C4199A2}.Debug|x86.Build.0 = Debug|Win32
		{6C41013E-3C84-4415-B675-B29A3C4199A2}.Release|x64.ActiveCfg = Release|x64
		{6C41013E-3C84-4415-B675-B29A3C4199A2}.Release|x64.Build.0 = Release|x64
		{6C41013E-3C84-4415-B675-B29A3C4199A2}.Release|x86.ActiveCfg = Release|Win32
		{6C41013E-3C84-4415-B675-B29A3C4199A2}.Release|x86.Build.0 = Release|Win32
		{4D6F6F96-8516-4191-9DAC-D2810971D096}.Debug|x64.ActiveCfg = Debug|x64
		{4D6F6F96-8516-4191-9DAC-D2810971D096}.Debug|x64.Build.0 = Debug|x64
		{4D6F6F96-8516-4191-9DAC-D2810971D096}.Debug|x86.ActiveCfg = Debug|Win32
		{4D6F6F96-8516-4191-9DAC-D2810971D096}.Debug|x86.Build.0 = Debug|Win32
		{4D6F6F96-8516-4191-9DAC-D2810971D096}.Release|x64.ActiveCfg = Release|x64
		{4D6F6F96-8516-4191-9DAC-D2810971D096}.Release|x64.Build.0 = Release|x64
		{4D6F6F96-8516-4191-9DAC-D2810971D096}.Release|x86.ActiveCfg = Release|Win32
		{4D6F6F96-8516-4191-9DAC-D2810971D096}.Release|x86.Build.0 = Release|Win32
		{45681298-9780-4DE3-90DC-513B1BCC5831}.Debug|x64.ActiveCfg = Debug|x64
		{45681298-9780-4DE3-90DC-513B1BCC5831}.Debug|x64.Build.0 = Debug|x64
		{45681298-9780-4DE3-90DC-513B1BCC5831}.Debug|x86.ActiveCfg = Debug|Win32
		{45681298-9780-4DE3-90DC-513B1BCC5831}.Debug|x86.Build.0 = Debug|Win32
		{45681298-9780-4DE3-90DC-513B1BCC5831}.Release|x64.ActiveCfg = Release|x64
		{45681298-9780-4DE3-90DC-513B1BCC5831}.Release|x64.Build.0 = Release|x64
		{45681298-9780-4DE3-90DC-513B1BCC5831}.Release|x86.ActiveCfg = Release|Win32
		{45681298-9780-4DE3-90DC-513B1BCC5831}.Release|x86.Build.0 = Release|Win32
		{D6F2DC16-64F5-44E8-B031-5B02B97AC7E4}.Debug|x64.ActiveCfg = Debug|x64
		{D6F2DC16-64F5-44E8-B031-5B02B97AC7E4}.Debug|x64.Build.0 = Debug|x64
		{D6F2DC16-64F5-44E8-B031-5B02B97AC7E4}.Debug|x86.ActiveCfg = Debug|Win32
		{D6F2DC16-64F5-44E8-B031-5B02B97AC7E4}.Debug|x86.Build.0 = Debug|Win32
		{D6F2DC16-64F5-44E8-B031-5B02B97AC7E4}.Release|x64.ActiveCfg = Release|x64
		{D6F2DC16-64F5-44E8-B031-5B02B97AC7E4}.Release|x64.Build.0 = Release|x64
		{D6F2DC16-64F5-44E8-B031-5B02B97AC7E4}.Release|x86.ActiveCfg = Release|Win32
		{D6F2DC16-64F5-44E8-B031-5B02B97AC7E4}.Release|x86.Build.0 = Release|Win32
		{254258C1-0F76-42E0-B61A-05EB537DD300}.Debug|x64.ActiveCfg = Debug|x64
		{254258C1-0F76-42E0-B61A-05EB537DD300}.Debug|x64.Build.0 = Debug|x64
		{254258C1-0F76-42E0-B61A-05EB537DD300}.Debug|x86.ActiveCfg = Debug|Win32
		{254258C1-0F76-42E0-B61A-05EB537DD300}.Debug|x86.Build.0 = Debug|Win32
		{254258C1-0F76-42E0-B61A-05EB537DD300}.Release|x64.ActiveCfg = Release|x64
		{254258C1-0F76-42E0-B61A-05EB537DD300}.Release|x64.Build.0 = Release|x64
		{254258C1-0F76-42E0-B61A-05EB537DD300}.Release|x86.ActiveCfg = Release|Win32
		{254258C1-0F76-42E0-B61A-05EB537DD300}.Release|x86.Build.0 = Release|Win32
	EndGlobalSection
	GlobalSection(SolutionProperties) = preSolution
		HideSolutionNode = FALSE
	EndGlobalSection
	GlobalSection(ExtensibilityGlobals) = postSolution
		SolutionGuid = {4A4F1C0D-DD26-4C05-BCBA-A8056A81CE51}
	EndGlobalSection
EndGlobal
